{
  "nodes": {
    "fabric": {
      "flake": false,
      "locked": {
        "lastModified": 1783621416,
        "narHash": "sha256-6jK/h+9k/w/iW2dr5BGpKIiPzC72ocFo11isHbPMl8Y=",
        "owner": "Velstra",
        "repo": "fabric",
        "rev": "e9e7f5508e7e1903877712ee83f24afa7a0b1a5c",
        "type": "github"
      },
      "original": {
        "owner": "Velstra",
        "repo": "fabric",
        "type": "github"
      }
    },
    "fenix": {
      "inputs": {
        "nixpkgs": [
          "nixpkgs"
        ],
        "rust-analyzer-src": "rust-analyzer-src"
      },
      "locked": {
        "lastModified": 1782208688,
        "narHash": "sha256-oEax2Unvaq0wD8tZs+Kk3zzeUduOegVYW8R9nM5S3Os=",
        "owner": "nix-community",
        "repo": "fenix",
        "rev": "5d0542f6ba83f9366095b0e9966b0377c4c1cb31",
        "type": "github"
      },
      "original": {
        "owner": "nix-community",
        "repo": "fenix",
        "type": "github"
      }
    },
    "nixpkgs": {
      "locked": {
        "lastModified": 1767313136,
        "narHash": "sha256-16KkgfdYqjaeRGBaYsNrhPRRENs0qzkQVUooNHtoy2w=",
        "owner": "NixOS",
        "repo": "nixpkgs",
        "rev": "ac62194c3917d5f474c1a844b6fd6da2db95077d",
        "type": "github"
      },
      "original": {
        "owner": "NixOS",
        "ref": "nixos-25.05",
        "repo": "nixpkgs",
        "type": "github"
      }
    },
    "root": {
      "inputs": {
        "fabric": "fabric",
        "fenix": "fenix",
        "nixpkgs": "nixpkgs",
        "wren": "wren"
      }
    },
    "rust-analyzer-src": {
      "flake": false,
      "locked": {
        "lastModified": 1782126558,
        "narHash": "sha256-HLXplzCGoc5mBVXdJriEsfX0gLDNXZ+O5urcdTmLP+E=",
        "owner": "rust-lang",
        "repo": "rust-analyzer",
        "rev": "ff5fcc70d9bcdc54db365114e2f7b1c18056ed4f",
        "type": "github"
      },
      "original": {
        "owner": "rust-lang",
        "ref": "nightly",
        "repo": "rust-analyzer",
        "type": "github"
      }
    },
    "wren": {
      "flake": false,
      "locked": {
        "lastModified": 1783454437,
        "narHash": "sha256-kVkCuMFvxFKoPZnpjvzGGl94kfcBDig4cIbGeRiiF8k=",
        "owner": "Velstra",
        "repo": "wren",
        "rev": "72eb44b3d1f441c0f33d8180f5481df40ab3b73b",
        "type": "github"
      },
      "original": {
        "owner": "Velstra",
        "repo": "wren",
        "type": "github"
      }
    }
  },
  "root": "root",
  "version": 7
}
