{
  "nodes": {
    "fabric": {
      "flake": false,
      "locked": {
        "lastModified": 1782938393,
        "narHash": "sha256-GUxhHott9vVCqDhkiCODWjS4VZu/eabpaulUJOjpYO8=",
        "ref": "refs/heads/main",
        "rev": "60a79e54695d79d7709faf1192f2ba90bffd76b9",
        "revCount": 21,
        "type": "git",
        "url": "file:///home/mbrandt/01_repositories/velstra/fabric"
      },
      "original": {
        "type": "git",
        "url": "file:///home/mbrandt/01_repositories/velstra/fabric"
      }
    },
    "fenix": {
      "inputs": {
        "nixpkgs": [
          "nixpkgs"
        ],
        "rust-analyzer-src": "rust-analyzer-src"
      },
      "locked": {
        "lastModified": 1782208688,
        "narHash": "sha256-oEax2Unvaq0wD8tZs+Kk3zzeUduOegVYW8R9nM5S3Os=",
        "owner": "nix-community",
        "repo": "fenix",
        "rev": "5d0542f6ba83f9366095b0e9966b0377c4c1cb31",
        "type": "github"
      },
      "original": {
        "owner": "nix-community",
        "repo": "fenix",
        "type": "github"
      }
    },
    "nixpkgs": {
      "locked": {
        "lastModified": 1767313136,
        "narHash": "sha256-16KkgfdYqjaeRGBaYsNrhPRRENs0qzkQVUooNHtoy2w=",
        "owner": "NixOS",
        "repo": "nixpkgs",
        "rev": "ac62194c3917d5f474c1a844b6fd6da2db95077d",
        "type": "github"
      },
      "original": {
        "owner": "NixOS",
        "ref": "nixos-25.05",
        "repo": "nixpkgs",
        "type": "github"
      }
    },
    "root": {
      "inputs": {
        "fabric": "fabric",
        "fenix": "fenix",
        "nixpkgs": "nixpkgs",
        "wren": "wren"
      }
    },
    "rust-analyzer-src": {
      "flake": false,
      "locked": {
        "lastModified": 1782126558,
        "narHash": "sha256-HLXplzCGoc5mBVXdJriEsfX0gLDNXZ+O5urcdTmLP+E=",
        "owner": "rust-lang",
        "repo": "rust-analyzer",
        "rev": "ff5fcc70d9bcdc54db365114e2f7b1c18056ed4f",
        "type": "github"
      },
      "original": {
        "owner": "rust-lang",
        "ref": "nightly",
        "repo": "rust-analyzer",
        "type": "github"
      }
    },
    "wren": {
      "flake": false,
      "locked": {
        "lastModified": 1782854031,
        "narHash": "sha256-YGVmmI1v5zbqk8ZVEa1vgocaKYijLCHYoNbKcpDDWuc=",
        "ref": "refs/heads/main",
        "rev": "2032600080c57ba486991d20463f41ecae14c6a5",
        "revCount": 89,
        "type": "git",
        "url": "file:///home/mbrandt/01_repositories/wren"
      },
      "original": {
        "type": "git",
        "url": "file:///home/mbrandt/01_repositories/wren"
      }
    }
  },
  "root": "root",
  "version": 7
}
